
Microsoft Visual Studio Solution File, Format Version 12.00
# Visual Studio Version 17
VisualStudioVersion = 17.13.35825.156 d17.13
MinimumVisualStudioVersion = 10.0.40219.1
Project("{FAE04EC0-301F-11D3-BF4B-00C04F79EFBC}") = "QAL-S1-Day3", "QAL-S1-Day3.csproj", "{633E4A83-A87A-483B-9037-3EEBF187333F}"
EndProject
Project("{FAE04EC0-301F-11D3-BF4B-00C04F79EFBC}") = "class-test", "..\class-test\class-test.csproj", "{7156AE32-A0E9-4996-B048-CCEECCAC69D2}"
EndProject
Global
	GlobalSection(SolutionConfigurationPlatforms) = preSolution
		Debug|Any CPU = Debug|Any CPU
		Release|Any CPU = Release|Any CPU
	EndGlobalSection
	GlobalSection(ProjectConfigurationPlatforms) = postSolution
		{633E4A83-A87A-483B-9037-3EEBF187333F}.Debug|Any CPU.ActiveCfg = Debug|Any CPU
		{633E4A83-A87A-483B-9037-3EEBF187333F}.Debug|Any CPU.Build.0 = Debug|Any CPU
		{633E4A83-A87A-483B-9037-3EEBF187333F}.Release|Any CPU.ActiveCfg = Release|Any CPU
		{633E4A83-A87A-483B-9037-3EEBF187333F}.Release|Any CPU.Build.0 = Release|Any CPU
		{7156AE32-A0E9-4996-B048-CCEECCAC69D2}.Debug|Any CPU.ActiveCfg = Debug|Any CPU
		{7156AE32-A0E9-4996-B048-CCEECCAC69D2}.Debug|Any CPU.Build.0 = Debug|Any CPU
		{7156AE32-A0E9-4996-B048-CCEECCAC69D2}.Release|Any CPU.ActiveCfg = Release|Any CPU
		{7156AE32-A0E9-4996-B048-CCEECCAC69D2}.Release|Any CPU.Build.0 = Release|Any CPU
	EndGlobalSection
	GlobalSection(SolutionProperties) = preSolution
		HideSolutionNode = FALSE
	EndGlobalSection
	GlobalSection(ExtensibilityGlobals) = postSolution
		SolutionGuid = {7BA7C9CB-95FA-4150-BDF6-07C49B01D99B}
	EndGlobalSection
EndGlobal
