Microsoft Visual Studio Solution File, Format Version 12.00
# Visual Studio Version 17
VisualStudioVersion = 17.5.2.0
MinimumVisualStudioVersion = 10.0.40219.1
Project("{FAE04EC0-301F-11D3-BF4B-00C04F79EFBC}") = "QAL-S1-Day1", "QAL-S1-Day1.csproj", "{60877EEA-8F61-420D-D427-A229A75A2689}"
EndProject
Global
	GlobalSection(SolutionConfigurationPlatforms) = preSolution
		Debug|Any CPU = Debug|Any CPU
		Release|Any CPU = Release|Any CPU
	EndGlobalSection
	GlobalSection(ProjectConfigurationPlatforms) = postSolution
		{60877EEA-8F61-420D-D427-A229A75A2689}.Debug|Any CPU.ActiveCfg = Debug|Any CPU
		{60877EEA-8F61-420D-D427-A229A75A2689}.Debug|Any CPU.Build.0 = Debug|Any CPU
		{60877EEA-8F61-420D-D427-A229A75A2689}.Release|Any CPU.ActiveCfg = Release|Any CPU
		{60877EEA-8F61-420D-D427-A229A75A2689}.Release|Any CPU.Build.0 = Release|Any CPU
	EndGlobalSection
	GlobalSection(SolutionProperties) = preSolution
		HideSolutionNode = FALSE
	EndGlobalSection
	GlobalSection(ExtensibilityGlobals) = postSolution
		SolutionGuid = {8C7D81E5-F897-4FE2-BF17-3CFE654FFC7F}
	EndGlobalSection
EndGlobal
