Microsoft Visual Studio Solution File, Format Version 12.00
# Visual Studio Version 17
VisualStudioVersion = 17.5.2.0
MinimumVisualStudioVersion = 10.0.40219.1
Project("{FAE04EC0-301F-11D3-BF4B-00C04F79EFBC}") = "MNF-S1-Day1", "MNF-S1-Day1.csproj", "{13B82559-8BF8-E61A-B922-BF109F1ED38D}"
EndProject
Global
	GlobalSection(SolutionConfigurationPlatforms) = preSolution
		Debug|Any CPU = Debug|Any CPU
		Release|Any CPU = Release|Any CPU
	EndGlobalSection
	GlobalSection(ProjectConfigurationPlatforms) = postSolution
		{13B82559-8BF8-E61A-B922-BF109F1ED38D}.Debug|Any CPU.ActiveCfg = Debug|Any CPU
		{13B82559-8BF8-E61A-B922-BF109F1ED38D}.Debug|Any CPU.Build.0 = Debug|Any CPU
		{13B82559-8BF8-E61A-B922-BF109F1ED38D}.Release|Any CPU.ActiveCfg = Release|Any CPU
		{13B82559-8BF8-E61A-B922-BF109F1ED38D}.Release|Any CPU.Build.0 = Release|Any CPU
	EndGlobalSection
	GlobalSection(SolutionProperties) = preSolution
		HideSolutionNode = FALSE
	EndGlobalSection
	GlobalSection(ExtensibilityGlobals) = postSolution
		SolutionGuid = {73D96F27-B4FA-4CAE-A161-A36F8A5E83D4}
	EndGlobalSection
EndGlobal
