
Microsoft Visual Studio Solution File, Format Version 12.00
# Visual Studio Version 17
<<<<<<< HEAD
VisualStudioVersion = 17.13.35825.156 d17.13
MinimumVisualStudioVersion = 10.0.40219.1
Project("{FAE04EC0-301F-11D3-BF4B-00C04F79EFBC}") = "Day1", "Day1\Day1.csproj", "{BF6862B3-0453-4B89-B664-ECD6343078BD}"
EndProject
=======
VisualStudioVersion = 17.13.35825.156
MinimumVisualStudioVersion = 10.0.40219.1
Project("{FAE04EC0-301F-11D3-BF4B-00C04F79EFBC}") = "Day1", "Day1\Day1.csproj", "{BF6862B3-0453-4B89-B664-ECD6343078BD}"
EndProject
Project("{FAE04EC0-301F-11D3-BF4B-00C04F79EFBC}") = "Auth", "Auth\Auth.csproj", "{B621B915-37F8-4C6C-A750-F047F80D60BA}"
EndProject
>>>>>>> 6637ba3848b8a5abbbf0993260116f21b21a1fa6
Global
	GlobalSection(SolutionConfigurationPlatforms) = preSolution
		Debug|Any CPU = Debug|Any CPU
		Release|Any CPU = Release|Any CPU
	EndGlobalSection
	GlobalSection(ProjectConfigurationPlatforms) = postSolution
		{BF6862B3-0453-4B89-B664-ECD6343078BD}.Debug|Any CPU.ActiveCfg = Debug|Any CPU
		{BF6862B3-0453-4B89-B664-ECD6343078BD}.Debug|Any CPU.Build.0 = Debug|Any CPU
		{BF6862B3-0453-4B89-B664-ECD6343078BD}.Release|Any CPU.ActiveCfg = Release|Any CPU
		{BF6862B3-0453-4B89-B664-ECD6343078BD}.Release|Any CPU.Build.0 = Release|Any CPU
<<<<<<< HEAD
=======
		{B621B915-37F8-4C6C-A750-F047F80D60BA}.Debug|Any CPU.ActiveCfg = Debug|Any CPU
		{B621B915-37F8-4C6C-A750-F047F80D60BA}.Debug|Any CPU.Build.0 = Debug|Any CPU
		{B621B915-37F8-4C6C-A750-F047F80D60BA}.Release|Any CPU.ActiveCfg = Release|Any CPU
		{B621B915-37F8-4C6C-A750-F047F80D60BA}.Release|Any CPU.Build.0 = Release|Any CPU
>>>>>>> 6637ba3848b8a5abbbf0993260116f21b21a1fa6
	EndGlobalSection
	GlobalSection(SolutionProperties) = preSolution
		HideSolutionNode = FALSE
	EndGlobalSection
	GlobalSection(ExtensibilityGlobals) = postSolution
		SolutionGuid = {80F207FF-5087-4421-81C9-2BD778A92FF4}
	EndGlobalSection
EndGlobal
