
Microsoft Visual Studio Solution File, Format Version 12.00
# Visual Studio Version 17
VisualStudioVersion = 17.13.35825.156 d17.13
MinimumVisualStudioVersion = 10.0.40219.1
Project("{FAE04EC0-301F-11D3-BF4B-00C04F79EFBC}") = "Day", "Day\Day.csproj", "{83A2A2F0-55C1-4A5C-8B57-738AAF5DC845}"
EndProject
Global
	GlobalSection(SolutionConfigurationPlatforms) = preSolution
		Debug|Any CPU = Debug|Any CPU
		Release|Any CPU = Release|Any CPU
	EndGlobalSection
	GlobalSection(ProjectConfigurationPlatforms) = postSolution
		{83A2A2F0-55C1-4A5C-8B57-738AAF5DC845}.Debug|Any CPU.ActiveCfg = Debug|Any CPU
		{83A2A2F0-55C1-4A5C-8B57-738AAF5DC845}.Debug|Any CPU.Build.0 = Debug|Any CPU
		{83A2A2F0-55C1-4A5C-8B57-738AAF5DC845}.Release|Any CPU.ActiveCfg = Release|Any CPU
		{83A2A2F0-55C1-4A5C-8B57-738AAF5DC845}.Release|Any CPU.Build.0 = Release|Any CPU
	EndGlobalSection
	GlobalSection(SolutionProperties) = preSolution
		HideSolutionNode = FALSE
	EndGlobalSection
	GlobalSection(ExtensibilityGlobals) = postSolution
		SolutionGuid = {AF375468-0DF4-4763-9F44-65A27157359F}
	EndGlobalSection
EndGlobal
