
Microsoft Visual Studio Solution File, Format Version 12.00
# Visual Studio Version 17
VisualStudioVersion = 17.13.35825.156 d17.13
MinimumVisualStudioVersion = 10.0.40219.1
Project("{FAE04EC0-301F-11D3-BF4B-00C04F79EFBC}") = "Day2", "Day2.csproj", "{242ED7C8-80D8-4654-98FB-53B76CF6BE08}"
EndProject
Global
	GlobalSection(SolutionConfigurationPlatforms) = preSolution
		Debug|Any CPU = Debug|Any CPU
		Release|Any CPU = Release|Any CPU
	EndGlobalSection
	GlobalSection(ProjectConfigurationPlatforms) = postSolution
		{242ED7C8-80D8-4654-98FB-53B76CF6BE08}.Debug|Any CPU.ActiveCfg = Debug|Any CPU
		{242ED7C8-80D8-4654-98FB-53B76CF6BE08}.Debug|Any CPU.Build.0 = Debug|Any CPU
		{242ED7C8-80D8-4654-98FB-53B76CF6BE08}.Release|Any CPU.ActiveCfg = Release|Any CPU
		{242ED7C8-80D8-4654-98FB-53B76CF6BE08}.Release|Any CPU.Build.0 = Release|Any CPU
	EndGlobalSection
	GlobalSection(SolutionProperties) = preSolution
		HideSolutionNode = FALSE
	EndGlobalSection
	GlobalSection(ExtensibilityGlobals) = postSolution
		SolutionGuid = {2932885C-54BF-43AF-A7C1-6EB170D5B086}
	EndGlobalSection
EndGlobal
